// !$*UTF8*$!
{
	archiveVersion = 1;
	classes = {
	};
	objectVersion = 50;
	objects = {

/* Begin PBXBuildFile section */
		914F901625E166D100A4EA02 /* HueMuseApp.swift in Sources */ = {isa = PBXBuildFile; fileRef = 914F901525E166D100A4EA02 /* HueMuseApp.swift */; };
		914F901825E166D100A4EA02 /* ContentView.swift in Sources */ = {isa = PBXBuildFile; fileRef = 914F901725E166D100A4EA02 /* ContentView.swift */; };
		914F901A25E166D500A4EA02 /* Assets.xcassets in Resources */ = {isa = PBXBuildFile; fileRef = 914F901925E166D500A4EA02 /* Assets.xcassets */; };
		914F901D25E166D500A4EA02 /* Preview Assets.xcassets in Resources */ = {isa = PBXBuildFile; fileRef = 914F901C25E166D500A4EA02 /* Preview Assets.xcassets */; };
		914F903225E18BC000A4EA02 /* ArtworkModel.swift in Sources */ = {isa = PBXBuildFile; fileRef = 914F903125E18BC000A4EA02 /* ArtworkModel.swift */; };
		914F903725E19CAA00A4EA02 /* ArtworkDetailView.swift in Sources */ = {isa = PBXBuildFile; fileRef = 914F903625E19CAA00A4EA02 /* ArtworkDetailView.swift */; };
/* End PBXBuildFile section */

/* Begin PBXFileReference section */
		914F901225E166D100A4EA02 /* HueMuse.app */ = {isa = PBXFileReference; explicitFileType = wrapper.application; includeInIndex = 0; path = HueMuse.app; sourceTree = BUILT_PRODUCTS_DIR; };
		914F901525E166D100A4EA02 /* HueMuseApp.swift */ = {isa = PBXFileReference; lastKnownFileType = sourcecode.swift; path = HueMuseApp.swift; sourceTree = "<group>"; };
		914F901725E166D100A4EA02 /* ContentView.swift */ = {isa = PBXFileReference; lastKnownFileType = sourcecode.swift; path = ContentView.swift; sourceTree = "<group>"; };
		914F901925E166D500A4EA02 /* Assets.xcassets */ = {isa = PBXFileReference; lastKnownFileType = folder.assetcatalog; path = Assets.xcassets; sourceTree = "<group>"; };
		914F901C25E166D500A4EA02 /* Preview Assets.xcassets */ = {isa = PBXFileReference; lastKnownFileType = folder.assetcatalog; path = "Preview Assets.xcassets"; sourceTree = "<group>"; };
		914F901E25E166D500A4EA02 /* Info.plist */ = {isa = PBXFileReference; lastKnownFileType = text.plist.xml; path = Info.plist; sourceTree = "<group>"; };
		914F903125E18BC000A4EA02 /* ArtworkModel.swift */ = {isa = PBXFileReference; lastKnownFileType = sourcecode.swift; path = ArtworkModel.swift; sourceTree = "<group>"; };
		914F903625E19CAA00A4EA02 /* ArtworkDetailView.swift */ = {isa = PBXFileReference; lastKnownFileType = sourcecode.swift; path = ArtworkDetailView.swift; sourceTree = "<group>"; };
/* End PBXFileReference section */

/* Begin PBXFrameworksBuildPhase section */
		914F900F25E166D100A4EA02 /* Frameworks */ = {
			isa = PBXFrameworksBuildPhase;
			buildActionMask = 2147483647;
			files = (
			);
			runOnlyForDeploymentPostprocessing = 0;
		};
/* End PBXFrameworksBuildPhase section */

/* Begin PBXGroup section */
		914F900925E166D100A4EA02 = {
			isa = PBXGroup;
			children = (
				914F901425E166D100A4EA02 /* HueMuse */,
				914F901325E166D100A4EA02 /* Products */,
			);
			sourceTree = "<group>";
		};
		914F901325E166D100A4EA02 /* Products */ = {
			isa = PBXGroup;
			children = (
				914F901225E166D100A4EA02 /* HueMuse.app */,
			);
			name = Products;
			sourceTree = "<group>";
		};
		914F901425E166D100A4EA02 /* HueMuse */ = {
			isa = PBXGroup;
			children = (
				914F901525E166D100A4EA02 /* HueMuseApp.swift */,
				914F901725E166D100A4EA02 /* ContentView.swift */,
				914F903025E18BAE00A4EA02 /* Models */,
				914F903525E19C8000A4EA02 /* Views */,
				914F901925E166D500A4EA02 /* Assets.xcassets */,
				914F901E25E166D500A4EA02 /* Info.plist */,
				914F901B25E166D500A4EA02 /* Preview Content */,
			);
			path = HueMuse;
			sourceTree = "<group>";
		};
		914F901B25E166D500A4EA02 /* Preview Content */ = {
			isa = PBXGroup;
			children = (
				914F901C25E166D500A4EA02 /* Preview Assets.xcassets */,
			);
			path = "Preview Content";
			sourceTree = "<group>";
		};
		914F903025E18BAE00A4EA02 /* Models */ = {
			isa = PBXGroup;
			children = (
				914F903125E18BC000A4EA02 /* ArtworkModel.swift */,
			);
			path = Models;
			sourceTree = "<group>";
		};
		914F903525E19C8000A4EA02 /* Views */ = {
			isa = PBXGroup;
			children = (
				914F903625E19CAA00A4EA02 /* ArtworkDetailView.swift */,
			);
			path = Views;
			sourceTree = "<group>";
		};
/* End PBXGroup section */

/* Begin PBXNativeTarget section */
		914F901125E166D100A4EA02 /* HueMuse */ = {
			isa = PBXNativeTarget;
			buildConfigurationList = 914F902125E166D500A4EA02 /* Build configuration list for PBXNativeTarget "HueMuse" */;
			buildPhases = (
				914F900E25E166D100A4EA02 /* Sources */,
				914F900F25E166D100A4EA02 /* Frameworks */,
				914F901025E166D100A4EA02 /* Resources */,
			);
			buildRules = (
			);
			dependencies = (
			);
			name = HueMuse;
			productName = HueMuse;
			productReference = 914F901225E166D100A4EA02 /* HueMuse.app */;
			productType = "com.apple.product-type.application";
		};
/* End PBXNativeTarget section */

/* Begin PBXProject section */
		914F900A25E166D100A4EA02 /* Project object */ = {
			isa = PBXProject;
			attributes = {
				LastSwiftUpdateCheck = 1200;
				LastUpgradeCheck = 1200;
				TargetAttributes = {
					914F901125E166D100A4EA02 = {
						CreatedOnToolsVersion = 12.0;
					};
				};
			};
			buildConfigurationList = 914F900D25E166D100A4EA02 /* Build configuration list for PBXProject "HueMuse" */;
			compatibilityVersion = "Xcode 9.3";
			developmentRegion = en;
			hasScannedForEncodings = 0;
			knownRegions = (
				en,
				Base,
			);
			mainGroup = 914F900925E166D100A4EA02;
			productRefGroup = 914F901325E166D100A4EA02 /* Products */;
			projectDirPath = "";
			projectRoot = "";
			targets = (
				914F901125E166D100A4EA02 /* HueMuse */,
			);
		};
/* End PBXProject section */

/* Begin PBXResourcesBuildPhase section */
		914F901025E166D100A4EA02 /* Resources */ = {
			isa = PBXResourcesBuildPhase;
			buildActionMask = 2147483647;
			files = (
				914F901D25E166D500A4EA02 /* Preview Assets.xcassets in Resources */,
				914F901A25E166D500A4EA02 /* Assets.xcassets in Resources */,
			);
			runOnlyForDeploymentPostprocessing = 0;
		};
/* End PBXResourcesBuildPhase section */

/* Begin PBXSourcesBuildPhase section */
		914F900E25E166D100A4EA02 /* Sources */ = {
			isa = PBXSourcesBuildPhase;
			buildActionMask = 2147483647;
			files = (
				914F903725E19CAA00A4EA02 /* ArtworkDetailView.swift in Sources */,
				914F903225E18BC000A4EA02 /* ArtworkModel.swift in Sources */,
				914F901825E166D100A4EA02 /* ContentView.swift in Sources */,
				914F901625E166D100A4EA02 /* HueMuseApp.swift in Sources */,
			);
			runOnlyForDeploymentPostprocessing = 0;
		};
/* End PBXSourcesBuildPhase section */

/* Begin XCBuildConfiguration section */
		914F901F25E166D500A4EA02 /* Debug */ = {
			isa = XCBuildConfiguration;
			buildSettings = {
				ALWAYS_SEARCH_USER_PATHS = NO;
				CLANG_ANALYZER_NONNULL = YES;
				CLANG_ANALYZER_NUMBER_OBJECT_CONVERSION = YES_AGGRESSIVE;
				CLANG_CXX_LANGUAGE_STANDARD = "gnu++14";
				CLANG_CXX_LIBRARY = "libc++";
				CLANG_ENABLE_MODULES = YES;
				CLANG_ENABLE_OBJC_ARC = YES;
				CLANG_ENABLE_OBJC_WEAK = YES;
				CLANG_WARN_BLOCK_CAPTURE_AUTORELEASING = YES;
				CLANG_WARN_BOOL_CONVERSION = YES;
				CLANG_WARN_COMMA = YES;
				CLANG_WARN_CONSTANT_CONVERSION = YES;
				CLANG_WARN_DEPRECATED_OBJC_IMPLEMENTATIONS = YES;
				CLANG_WARN_DIRECT_OBJC_ISA_USAGE = YES_ERROR;
				CLANG_WARN_DOCUMENTATION_COMMENTS = YES;
				CLANG_WARN_EMPTY_BODY = YES;
				CLANG_WARN_ENUM_CONVERSION = YES;
				CLANG_WARN_INFINITE_RECURSION = YES;
				CLANG_WARN_INT_CONVERSION = YES;
				CLANG_WARN_NON_LITERAL_NULL_CONVERSION = YES;
				CLANG_WARN_OBJC_IMPLICIT_RETAIN_SELF = YES;
				CLANG_WARN_OBJC_LITERAL_CONVERSION = YES;
				CLANG_WARN_OBJC_ROOT_CLASS = YES_ERROR;
				CLANG_WARN_QUOTED_INCLUDE_IN_FRAMEWORK_HEADER = YES;
				CLANG_WARN_RANGE_LOOP_ANALYSIS = YES;
				CLANG_WARN_STRICT_PROTOTYPES = YES;
				CLANG_WARN_SUSPICIOUS_MOVE = YES;
				CLANG_WARN_UNGUARDED_AVAILABILITY = YES_AGGRESSIVE;
				CLANG_WARN_UNREACHABLE_CODE = YES;
				CLANG_WARN__DUPLICATE_METHOD_MATCH = YES;
				COPY_PHASE_STRIP = NO;
				DEBUG_INFORMATION_FORMAT = dwarf;
				ENABLE_STRICT_OBJC_MSGSEND = YES;
				ENABLE_TESTABILITY = YES;
				GCC_C_LANGUAGE_STANDARD = gnu11;
				GCC_DYNAMIC_NO_PIC = NO;
				GCC_NO_COMMON_BLOCKS = YES;
				GCC_OPTIMIZATION_LEVEL = 0;
				GCC_PREPROCESSOR_DEFINITIONS = (
					"DEBUG=1",
					"$(inherited)",
				);
				GCC_WARN_64_TO_32_BIT_CONVERSION = YES;
				GCC_WARN_ABOUT_RETURN_TYPE = YES_ERROR;
				GCC_WARN_UNDECLARED_SELECTOR = YES;
				GCC_WARN_UNINITIALIZED_AUTOS = YES_AGGRESSIVE;
				GCC_WARN_UNUSED_FUNCTION = YES;
				GCC_WARN_UNUSED_VARIABLE = YES;
				IPHONEOS_DEPLOYMENT_TARGET = 14.0;
				MTL_ENABLE_DEBUG_INFO = INCLUDE_SOURCE;
				MTL_FAST_MATH = YES;
				ONLY_ACTIVE_ARCH = YES;
				SDKROOT = iphoneos;
				SWIFT_ACTIVE_COMPILATION_CONDITIONS = DEBUG;
				SWIFT_OPTIMIZATION_LEVEL = "-Onone";
			};
			name = Debug;
		};
		914F902025E166D500A4EA02 /* Release */ = {
			isa = XCBuildConfiguration;
			buildSettings = {
				ALWAYS_SEARCH_USER_PATHS = NO;
				CLANG_ANALYZER_NONNULL = YES;
				CLANG_ANALYZER_NUMBER_OBJECT_CONVERSION = YES_AGGRESSIVE;
				CLANG_CXX_LANGUAGE_STANDARD = "gnu++14";
				CLANG_CXX_LIBRARY = "libc++";
				CLANG_ENABLE_MODULES = YES;
				CLANG_ENABLE_OBJC_ARC = YES;
				CLANG_ENABLE_OBJC_WEAK = YES;
				CLANG_WARN_BLOCK_CAPTURE_AUTORELEASING = YES;
				CLANG_WARN_BOOL_CONVERSION = YES;
				CLANG_WARN_COMMA = YES;
				CLANG_WARN_CONSTANT_CONVERSION = YES;
				CLANG_WARN_DEPRECATED_OBJC_IMPLEMENTATIONS = YES;
				CLANG_WARN_DIRECT_OBJC_ISA_USAGE = YES_ERROR;
				CLANG_WARN_DOCUMENTATION_COMMENTS = YES;
				CLANG_WARN_EMPTY_BODY = YES;
				CLANG_WARN_ENUM_CONVERSION = YES;
				CLANG_WARN_INFINITE_RECURSION = YES;
				CLANG_WARN_INT_CONVERSION = YES;
				CLANG_WARN_NON_LITERAL_NULL_CONVERSION = YES;
				CLANG_WARN_OBJC_IMPLICIT_RETAIN_SELF = YES;
				CLANG_WARN_OBJC_LITERAL_CONVERSION = YES;
				CLANG_WARN_OBJC_ROOT_CLASS = YES_ERROR;
				CLANG_WARN_QUOTED_INCLUDE_IN_FRAMEWORK_HEADER = YES;
				CLANG_WARN_RANGE_LOOP_ANALYSIS = YES;
				CLANG_WARN_STRICT_PROTOTYPES = YES;
				CLANG_WARN_SUSPICIOUS_MOVE = YES;
				CLANG_WARN_UNGUARDED_AVAILABILITY = YES_AGGRESSIVE;
				CLANG_WARN_UNREACHABLE_CODE = YES;
				CLANG_WARN__DUPLICATE_METHOD_MATCH = YES;
				COPY_PHASE_STRIP = NO;
				DEBUG_INFORMATION_FORMAT = "dwarf-with-dsym";
				ENABLE_NS_ASSERTIONS = NO;
				ENABLE_STRICT_OBJC_MSGSEND = YES;
				GCC_C_LANGUAGE_STANDARD = gnu11;
				GCC_NO_COMMON_BLOCKS = YES;
				GCC_WARN_64_TO_32_BIT_CONVERSION = YES;
				GCC_WARN_ABOUT_RETURN_TYPE = YES_ERROR;
				GCC_WARN_UNDECLARED_SELECTOR = YES;
				GCC_WARN_UNINITIALIZED_AUTOS = YES_AGGRESSIVE;
				GCC_WARN_UNUSED_FUNCTION = YES;
				GCC_WARN_UNUSED_VARIABLE = YES;
				IPHONEOS_DEPLOYMENT_TARGET = 14.0;
				MTL_ENABLE_DEBUG_INFO = NO;
				MTL_FAST_MATH = YES;
				SDKROOT = iphoneos;
				SWIFT_COMPILATION_MODE = wholemodule;
				SWIFT_OPTIMIZATION_LEVEL = "-O";
				VALIDATE_PRODUCT = YES;
			};
			name = Release;
		};
		914F902225E166D500A4EA02 /* Debug */ = {
			isa = XCBuildConfiguration;
			buildSettings = {
				ASSETCATALOG_COMPILER_APPICON_NAME = AppIcon;
				ASSETCATALOG_COMPILER_GLOBAL_ACCENT_COLOR_NAME = AccentColor;
				CODE_SIGN_STYLE = Automatic;
				DEVELOPMENT_ASSET_PATHS = "\"HueMuse/Preview Content\"";
				DEVELOPMENT_TEAM = 9WDM8695CA;
				ENABLE_PREVIEWS = YES;
				INFOPLIST_FILE = HueMuse/Info.plist;
				IPHONEOS_DEPLOYMENT_TARGET = 14.0;
				LD_RUNPATH_SEARCH_PATHS = (
					"$(inherited)",
					"@executable_path/Frameworks",
				);
				PRODUCT_BUNDLE_IDENTIFIER = com.tiannahenrylewis.HueMuse;
				PRODUCT_NAME = "$(TARGET_NAME)";
				SWIFT_VERSION = 5.0;
				TARGETED_DEVICE_FAMILY = "1,2";
			};
			name = Debug;
		};
		914F902325E166D500A4EA02 /* Release */ = {
			isa = XCBuildConfiguration;
			buildSettings = {
				ASSETCATALOG_COMPILER_APPICON_NAME = AppIcon;
				ASSETCATALOG_COMPILER_GLOBAL_ACCENT_COLOR_NAME = AccentColor;
				CODE_SIGN_STYLE = Automatic;
				DEVELOPMENT_ASSET_PATHS = "\"HueMuse/Preview Content\"";
				DEVELOPMENT_TEAM = 9WDM8695CA;
				ENABLE_PREVIEWS = YES;
				INFOPLIST_FILE = HueMuse/Info.plist;
				IPHONEOS_DEPLOYMENT_TARGET = 14.0;
				LD_RUNPATH_SEARCH_PATHS = (
					"$(inherited)",
					"@executable_path/Frameworks",
				);
				PRODUCT_BUNDLE_IDENTIFIER = com.tiannahenrylewis.HueMuse;
				PRODUCT_NAME = "$(TARGET_NAME)";
				SWIFT_VERSION = 5.0;
				TARGETED_DEVICE_FAMILY = "1,2";
			};
			name = Release;
		};
/* End XCBuildConfiguration section */

/* Begin XCConfigurationList section */
		914F900D25E166D100A4EA02 /* Build configuration list for PBXProject "HueMuse" */ = {
			isa = XCConfigurationList;
			buildConfigurations = (
				914F901F25E166D500A4EA02 /* Debug */,
				914F902025E166D500A4EA02 /* Release */,
			);
			defaultConfigurationIsVisible = 0;
			defaultConfigurationName = Release;
		};
		914F902125E166D500A4EA02 /* Build configuration list for PBXNativeTarget "HueMuse" */ = {
			isa = XCConfigurationList;
			buildConfigurations = (
				914F902225E166D500A4EA02 /* Debug */,
				914F902325E166D500A4EA02 /* Release */,
			);
			defaultConfigurationIsVisible = 0;
			defaultConfigurationName = Release;
		};
/* End XCConfigurationList section */
	};
	rootObject = 914F900A25E166D100A4EA02 /* Project object */;
}
